
Microsoft Visual Studio Solution File, Format Version 12.00
# Visual Studio Version 17
VisualStudioVersion = 17.3.32929.385
MinimumVisualStudioVersion = 10.0.40219.1
Project("{FAE04EC0-301F-11D3-BF4B-00C04F79EFBC}") = "PowerSupplyReader", "PowerSupplyReader\PowerSupplyReader.csproj", "{4D5B04DB-841E-4A3B-AE2D-39B7D2734F6D}"
EndProject
Global
	GlobalSection(SolutionConfigurationPlatforms) = preSolution
		Debug|Any CPU = Debug|Any CPU
		Release|Any CPU = Release|Any CPU
	EndGlobalSection
	GlobalSection(ProjectConfigurationPlatforms) = postSolution
		{4D5B04DB-841E-4A3B-AE2D-39B7D2734F6D}.Debug|Any CPU.ActiveCfg = Debug|Any CPU
		{4D5B04DB-841E-4A3B-AE2D-39B7D2734F6D}.Debug|Any CPU.Build.0 = Debug|Any CPU
		{4D5B04DB-841E-4A3B-AE2D-39B7D2734F6D}.Release|Any CPU.ActiveCfg = Release|Any CPU
		{4D5B04DB-841E-4A3B-AE2D-39B7D2734F6D}.Release|Any CPU.Build.0 = Release|Any CPU
	EndGlobalSection
	GlobalSection(SolutionProperties) = preSolution
		HideSolutionNode = FALSE
	EndGlobalSection
	GlobalSection(ExtensibilityGlobals) = postSolution
		SolutionGuid = {6DA369AB-89E2-4A3B-AA25-E469BEA0451B}
	EndGlobalSection
EndGlobal
